// !$*UTF8*$!
{
	archiveVersion = 1;
	classes = {
	};
	objectVersion = 46;
	objects = {

/* Begin PBXBuildFile section */
		F7CEA58A1F3C0D9500F5BED3 /* main.m in Sources */ = {isa = PBXBuildFile; fileRef = F7CEA5891F3C0D9500F5BED3 /* main.m */; };
		F7CEA58D1F3C0D9500F5BED3 /* AppDelegate.m in Sources */ = {isa = PBXBuildFile; fileRef = F7CEA58C1F3C0D9500F5BED3 /* AppDelegate.m */; };
		F7CEA5901F3C0D9500F5BED3 /* ViewController.m in Sources */ = {isa = PBXBuildFile; fileRef = F7CEA58F1F3C0D9500F5BED3 /* ViewController.m */; };
		F7CEA5931F3C0D9500F5BED3 /* Main.storyboard in Resources */ = {isa = PBXBuildFile; fileRef = F7CEA5911F3C0D9500F5BED3 /* Main.storyboard */; };
		F7CEA5951F3C0D9500F5BED3 /* Assets.xcassets in Resources */ = {isa = PBXBuildFile; fileRef = F7CEA5941F3C0D9500F5BED3 /* Assets.xcassets */; };
		F7CEA5981F3C0D9500F5BED3 /* LaunchScreen.storyboard in Resources */ = {isa = PBXBuildFile; fileRef = F7CEA5961F3C0D9500F5BED3 /* LaunchScreen.storyboard */; };
/* End PBXBuildFile section */

/* Begin PBXFileReference section */
		F7CEA5851F3C0D9500F5BED3 /* testProject.app */ = {isa = PBXFileReference; explicitFileType = wrapper.application; includeInIndex = 0; path = testProject.app; sourceTree = BUILT_PRODUCTS_DIR; };
		F7CEA5891F3C0D9500F5BED3 /* main.m */ = {isa = PBXFileReference; lastKnownFileType = sourcecode.c.objc; path = main.m; sourceTree = "<group>"; };
		F7CEA58B1F3C0D9500F5BED3 /* AppDelegate.h */ = {isa = PBXFileReference; lastKnownFileType = sourcecode.c.h; path = AppDelegate.h; sourceTree = "<group>"; };
		F7CEA58C1F3C0D9500F5BED3 /* AppDelegate.m */ = {isa = PBXFileReference; lastKnownFileType = sourcecode.c.objc; path = AppDelegate.m; sourceTree = "<group>"; };
		F7CEA58E1F3C0D9500F5BED3 /* ViewController.h */ = {isa = PBXFileReference; lastKnownFileType = sourcecode.c.h; path = ViewController.h; sourceTree = "<group>"; };
		F7CEA58F1F3C0D9500F5BED3 /* ViewController.m */ = {isa = PBXFileReference; lastKnownFileType = sourcecode.c.objc; path = ViewController.m; sourceTree = "<group>"; };
		F7CEA5921F3C0D9500F5BED3 /* Base */ = {isa = PBXFileReference; lastKnownFileType = file.storyboard; name = Base; path = Base.lproj/Main.storyboard; sourceTree = "<group>"; };
		F7CEA5941F3C0D9500F5BED3 /* Assets.xcassets */ = {isa = PBXFileReference; lastKnownFileType = folder.assetcatalog; path = Assets.xcassets; sourceTree = "<group>"; };
		F7CEA5971F3C0D9500F5BED3 /* Base */ = {isa = PBXFileReference; lastKnownFileType = file.storyboard; name = Base; path = Base.lproj/LaunchScreen.storyboard; sourceTree = "<group>"; };
		F7CEA5991F3C0D9500F5BED3 /* Info.plist */ = {isa = PBXFileReference; lastKnownFileType = text.plist.xml; path = Info.plist; sourceTree = "<group>"; };
/* End PBXFileReference section */

/* Begin PBXFrameworksBuildPhase section */
		F7CEA5821F3C0D9500F5BED3 /* Frameworks */ = {
			isa = PBXFrameworksBuildPhase;
			buildActionMask = 2147483647;
			files = (
			);
			runOnlyForDeploymentPostprocessing = 0;
		};
/* End PBXFrameworksBuildPhase section */

/* Begin PBXGroup section */
		F7CEA57C1F3C0D9500F5BED3 = {
			isa = PBXGroup;
			children = (
				F7CEA5871F3C0D9500F5BED3 /* testProject */,
				F7CEA5861F3C0D9500F5BED3 /* Products */,
			);
			sourceTree = "<group>";
		};
		F7CEA5861F3C0D9500F5BED3 /* Products */ = {
			isa = PBXGroup;
			children = (
				F7CEA5851F3C0D9500F5BED3 /* testProject.app */,
			);
			name = Products;
			sourceTree = "<group>";
		};
		F7CEA5871F3C0D9500F5BED3 /* testProject */ = {
			isa = PBXGroup;
			children = (
				F7CEA58B1F3C0D9500F5BED3 /* AppDelegate.h */,
				F7CEA58C1F3C0D9500F5BED3 /* AppDelegate.m */,
				F7CEA58E1F3C0D9500F5BED3 /* ViewController.h */,
				F7CEA58F1F3C0D9500F5BED3 /* ViewController.m */,
				F7CEA5911F3C0D9500F5BED3 /* Main.storyboard */,
				F7CEA5941F3C0D9500F5BED3 /* Assets.xcassets */,
				F7CEA5961F3C0D9500F5BED3 /* LaunchScreen.storyboard */,
				F7CEA5991F3C0D9500F5BED3 /* Info.plist */,
				F7CEA5881F3C0D9500F5BED3 /* Supporting Files */,
			);
			path = testProject;
			sourceTree = "<group>";
		};
		F7CEA5881F3C0D9500F5BED3 /* Supporting Files */ = {
			isa = PBXGroup;
			children = (
				F7CEA5891F3C0D9500F5BED3 /* main.m */,
			);
			name = "Supporting Files";
			sourceTree = "<group>";
		};
/* End PBXGroup section */

/* Begin PBXNativeTarget section */
		F7CEA5841F3C0D9500F5BED3 /* testProject */ = {
			isa = PBXNativeTarget;
			buildConfigurationList = F7CEA59C1F3C0D9500F5BED3 /* Build configuration list for PBXNativeTarget "testProject" */;
			buildPhases = (
				F7CEA5811F3C0D9500F5BED3 /* Sources */,
				F7CEA5821F3C0D9500F5BED3 /* Frameworks */,
				F7CEA5831F3C0D9500F5BED3 /* Resources */,
			);
			buildRules = (
			);
			dependencies = (
			);
			name = testProject;
			productName = testProject;
			productReference = F7CEA5851F3C0D9500F5BED3 /* testProject.app */;
			productType = "com.apple.product-type.application";
		};
/* End PBXNativeTarget section */

/* Begin PBXProject section */
		F7CEA57D1F3C0D9500F5BED3 /* Project object */ = {
			isa = PBXProject;
			attributes = {
				LastUpgradeCheck = 0830;
				ORGANIZATIONNAME = CaiNiao;
				TargetAttributes = {
					F7CEA5841F3C0D9500F5BED3 = {
						CreatedOnToolsVersion = 8.3.3;
						DevelopmentTeam = 57D4T2G5AY;
						ProvisioningStyle = Automatic;
					};
				};
			};
			buildConfigurationList = F7CEA5801F3C0D9500F5BED3 /* Build configuration list for PBXProject "testProject" */;
			compatibilityVersion = "Xcode 3.2";
			developmentRegion = English;
			hasScannedForEncodings = 0;
			knownRegions = (
				en,
				Base,
			);
			mainGroup = F7CEA57C1F3C0D9500F5BED3;
			productRefGroup = F7CEA5861F3C0D9500F5BED3 /* Products */;
			projectDirPath = "";
			projectRoot = "";
			targets = (
				F7CEA5841F3C0D9500F5BED3 /* testProject */,
			);
		};
/* End PBXProject section */

/* Begin PBXResourcesBuildPhase section */
		F7CEA5831F3C0D9500F5BED3 /* Resources */ = {
			isa = PBXResourcesBuildPhase;
			buildActionMask = 2147483647;
			files = (
				F7CEA5981F3C0D9500F5BED3 /* LaunchScreen.storyboard in Resources */,
				F7CEA5951F3C0D9500F5BED3 /* Assets.xcassets in Resources */,
				F7CEA5931F3C0D9500F5BED3 /* Main.storyboard in Resources */,
			);
			runOnlyForDeploymentPostprocessing = 0;
		};
/* End PBXResourcesBuildPhase section */

/* Begin PBXSourcesBuildPhase section */
		F7CEA5811F3C0D9500F5BED3 /* Sources */ = {
			isa = PBXSourcesBuildPhase;
			buildActionMask = 2147483647;
			files = (
				F7CEA5901F3C0D9500F5BED3 /* ViewController.m in Sources */,
				F7CEA58D1F3C0D9500F5BED3 /* AppDelegate.m in Sources */,
				F7CEA58A1F3C0D9500F5BED3 /* main.m in Sources */,
			);
			runOnlyForDeploymentPostprocessing = 0;
		};
/* End PBXSourcesBuildPhase section */

/* Begin PBXVariantGroup section */
		F7CEA5911F3C0D9500F5BED3 /* Main.storyboard */ = {
			isa = PBXVariantGroup;
			children = (
				F7CEA5921F3C0D9500F5BED3 /* Base */,
			);
			name = Main.storyboard;
			sourceTree = "<group>";
		};
		F7CEA5961F3C0D9500F5BED3 /* LaunchScreen.storyboard */ = {
			isa = PBXVariantGroup;
			children = (
				F7CEA5971F3C0D9500F5BED3 /* Base */,
			);
			name = LaunchScreen.storyboard;
			sourceTree = "<group>";
		};
/* End PBXVariantGroup section */

/* Begin XCBuildConfiguration section */
		F7CEA59A1F3C0D9500F5BED3 /* Debug */ = {
			isa = XCBuildConfiguration;
			buildSettings = {
				ALWAYS_SEARCH_USER_PATHS = NO;
				CLANG_ANALYZER_NONNULL = YES;
				CLANG_ANALYZER_NUMBER_OBJECT_CONVERSION = YES_AGGRESSIVE;
				CLANG_CXX_LANGUAGE_STANDARD = "gnu++0x";
				CLANG_CXX_LIBRARY = "libc++";
				CLANG_ENABLE_MODULES = YES;
				CLANG_ENABLE_OBJC_ARC = YES;
				CLANG_WARN_BOOL_CONVERSION = YES;
				CLANG_WARN_CONSTANT_CONVERSION = YES;
				CLANG_WARN_DIRECT_OBJC_ISA_USAGE = YES_ERROR;
				CLANG_WARN_DOCUMENTATION_COMMENTS = YES;
				CLANG_WARN_EMPTY_BODY = YES;
				CLANG_WARN_ENUM_CONVERSION = YES;
				CLANG_WARN_INFINITE_RECURSION = YES;
				CLANG_WARN_INT_CONVERSION = YES;
				CLANG_WARN_OBJC_ROOT_CLASS = YES_ERROR;
				CLANG_WARN_SUSPICIOUS_MOVE = YES;
				CLANG_WARN_UNREACHABLE_CODE = YES;
				CLANG_WARN__DUPLICATE_METHOD_MATCH = YES;
				"CODE_SIGN_IDENTITY[sdk=iphoneos*]" = "iPhone Developer";
				COPY_PHASE_STRIP = NO;
				DEBUG_INFORMATION_FORMAT = dwarf;
				ENABLE_STRICT_OBJC_MSGSEND = YES;
				ENABLE_TESTABILITY = YES;
				GCC_C_LANGUAGE_STANDARD = gnu99;
				GCC_DYNAMIC_NO_PIC = NO;
				GCC_NO_COMMON_BLOCKS = YES;
				GCC_OPTIMIZATION_LEVEL = 0;
				GCC_PREPROCESSOR_DEFINITIONS = (
					"DEBUG=1",
					"$(inherited)",
				);
				GCC_WARN_64_TO_32_BIT_CONVERSION = YES;
				GCC_WARN_ABOUT_RETURN_TYPE = YES_ERROR;
				GCC_WARN_UNDECLARED_SELECTOR = YES;
				GCC_WARN_UNINITIALIZED_AUTOS = YES_AGGRESSIVE;
				GCC_WARN_UNUSED_FUNCTION = YES;
				GCC_WARN_UNUSED_VARIABLE = YES;
				IPHONEOS_DEPLOYMENT_TARGET = 10.3;
				MTL_ENABLE_DEBUG_INFO = YES;
				ONLY_ACTIVE_ARCH = YES;
				SDKROOT = iphoneos;
			};
			name = Debug;
		};
		F7CEA59B1F3C0D9500F5BED3 /* Release */ = {
			isa = XCBuildConfiguration;
			buildSettings = {
				ALWAYS_SEARCH_USER_PATHS = NO;
				CLANG_ANALYZER_NONNULL = YES;
				CLANG_ANALYZER_NUMBER_OBJECT_CONVERSION = YES_AGGRESSIVE;
				CLANG_CXX_LANGUAGE_STANDARD = "gnu++0x";
				CLANG_CXX_LIBRARY = "libc++";
				CLANG_ENABLE_MODULES = YES;
				CLANG_ENABLE_OBJC_ARC = YES;
				CLANG_WARN_BOOL_CONVERSION = YES;
				CLANG_WARN_CONSTANT_CONVERSION = YES;
				CLANG_WARN_DIRECT_OBJC_ISA_USAGE = YES_ERROR;
				CLANG_WARN_DOCUMENTATION_COMMENTS = YES;
				CLANG_WARN_EMPTY_BODY = YES;
				CLANG_WARN_ENUM_CONVERSION = YES;
				CLANG_WARN_INFINITE_RECURSION = YES;
				CLANG_WARN_INT_CONVERSION = YES;
				CLANG_WARN_OBJC_ROOT_CLASS = YES_ERROR;
				CLANG_WARN_SUSPICIOUS_MOVE = YES;
				CLANG_WARN_UNREACHABLE_CODE = YES;
				CLANG_WARN__DUPLICATE_METHOD_MATCH = YES;
				"CODE_SIGN_IDENTITY[sdk=iphoneos*]" = "iPhone Developer";
				COPY_PHASE_STRIP = NO;
				DEBUG_INFORMATION_FORMAT = "dwarf-with-dsym";
				ENABLE_NS_ASSERTIONS = NO;
				ENABLE_STRICT_OBJC_MSGSEND = YES;
				GCC_C_LANGUAGE_STANDARD = gnu99;
				GCC_NO_COMMON_BLOCKS = YES;
				GCC_WARN_64_TO_32_BIT_CONVERSION = YES;
				GCC_WARN_ABOUT_RETURN_TYPE = YES_ERROR;
				GCC_WARN_UNDECLARED_SELECTOR = YES;
				GCC_WARN_UNINITIALIZED_AUTOS = YES_AGGRESSIVE;
				GCC_WARN_UNUSED_FUNCTION = YES;
				GCC_WARN_UNUSED_VARIABLE = YES;
				IPHONEOS_DEPLOYMENT_TARGET = 10.3;
				MTL_ENABLE_DEBUG_INFO = NO;
				SDKROOT = iphoneos;
				VALIDATE_PRODUCT = YES;
			};
			name = Release;
		};
		F7CEA59D1F3C0D9500F5BED3 /* Debug */ = {
			isa = XCBuildConfiguration;
			buildSettings = {
				ASSETCATALOG_COMPILER_APPICON_NAME = AppIcon;
				DEVELOPMENT_TEAM = 57D4T2G5AY;
				INFOPLIST_FILE = testProject/Info.plist;
				LD_RUNPATH_SEARCH_PATHS = "$(inherited) @executable_path/Frameworks";
				PRODUCT_BUNDLE_IDENTIFIER = com.cainiao.octansup.20170809.testProject;
				PRODUCT_NAME = "$(TARGET_NAME)";
			};
			name = Debug;
		};
		F7CEA59E1F3C0D9500F5BED3 /* Release */ = {
			isa = XCBuildConfiguration;
			buildSettings = {
				ASSETCATALOG_COMPILER_APPICON_NAME = AppIcon;
				DEVELOPMENT_TEAM = 57D4T2G5AY;
				INFOPLIST_FILE = testProject/Info.plist;
				LD_RUNPATH_SEARCH_PATHS = "$(inherited) @executable_path/Frameworks";
				PRODUCT_BUNDLE_IDENTIFIER = com.cainiao.octansup.20170809.testProject;
				PRODUCT_NAME = "$(TARGET_NAME)";
			};
			name = Release;
		};
/* End XCBuildConfiguration section */

/* Begin XCConfigurationList section */
		F7CEA5801F3C0D9500F5BED3 /* Build configuration list for PBXProject "testProject" */ = {
			isa = XCConfigurationList;
			buildConfigurations = (
				F7CEA59A1F3C0D9500F5BED3 /* Debug */,
				F7CEA59B1F3C0D9500F5BED3 /* Release */,
			);
			defaultConfigurationIsVisible = 0;
			defaultConfigurationName = Release;
		};
		F7CEA59C1F3C0D9500F5BED3 /* Build configuration list for PBXNativeTarget "testProject" */ = {
			isa = XCConfigurationList;
			buildConfigurations = (
				F7CEA59D1F3C0D9500F5BED3 /* Debug */,
				F7CEA59E1F3C0D9500F5BED3 /* Release */,
			);
			defaultConfigurationIsVisible = 0;
		};
/* End XCConfigurationList section */
	};
	rootObject = F7CEA57D1F3C0D9500F5BED3 /* Project object */;
}
